
Microsoft Visual Studio Solution File, Format Version 12.00
# Visual Studio 15
VisualStudioVersion = 15.0.26430.16
MinimumVisualStudioVersion = 10.0.40219.1
Project("{FAE04EC0-301F-11D3-BF4B-00C04F79EFBC}") = "XFUC", "XFUC\XFUC\XFUC.csproj", "{B780BBCB-B38A-4B79-8010-0F2FD52A1825}"
EndProject
Project("{FAE04EC0-301F-11D3-BF4B-00C04F79EFBC}") = "XFUC.Droid", "XFUC\XFUC.Droid\XFUC.Droid.csproj", "{F88C764A-A90B-40B3-8EF4-724E1D11C97E}"
EndProject
Project("{FAE04EC0-301F-11D3-BF4B-00C04F79EFBC}") = "XFUC.iOS", "XFUC\XFUC.iOS\XFUC.iOS.csproj", "{0B5BFA31-A0D7-459D-9251-B1771845010B}"
EndProject
Project("{FAE04EC0-301F-11D3-BF4B-00C04F79EFBC}") = "XFUC.UWP", "XFUC\XFUC.UWP\XFUC.UWP.csproj", "{FFCB2BC1-6A67-428B-BAA4-B9C7A5356678}"
EndProject
Global
	GlobalSection(SolutionConfigurationPlatforms) = preSolution
		Ad-Hoc|Any CPU = Ad-Hoc|Any CPU
		Ad-Hoc|ARM = Ad-Hoc|ARM
		Ad-Hoc|iPhone = Ad-Hoc|iPhone
		Ad-Hoc|iPhoneSimulator = Ad-Hoc|iPhoneSimulator
		Ad-Hoc|x64 = Ad-Hoc|x64
		Ad-Hoc|x86 = Ad-Hoc|x86
		AppStore|Any CPU = AppStore|Any CPU
		AppStore|ARM = AppStore|ARM
		AppStore|iPhone = AppStore|iPhone
		AppStore|iPhoneSimulator = AppStore|iPhoneSimulator
		AppStore|x64 = AppStore|x64
		AppStore|x86 = AppStore|x86
		Debug|Any CPU = Debug|Any CPU
		Debug|ARM = Debug|ARM
		Debug|iPhone = Debug|iPhone
		Debug|iPhoneSimulator = Debug|iPhoneSimulator
		Debug|x64 = Debug|x64
		Debug|x86 = Debug|x86
		Release|Any CPU = Release|Any CPU
		Release|ARM = Release|ARM
		Release|iPhone = Release|iPhone
		Release|iPhoneSimulator = Release|iPhoneSimulator
		Release|x64 = Release|x64
		Release|x86 = Release|x86
	EndGlobalSection
	GlobalSection(ProjectConfigurationPlatforms) = postSolution
		{B780BBCB-B38A-4B79-8010-0F2FD52A1825}.Ad-Hoc|Any CPU.ActiveCfg = Release|Any CPU
		{B780BBCB-B38A-4B79-8010-0F2FD52A1825}.Ad-Hoc|Any CPU.Build.0 = Release|Any CPU
		{B780BBCB-B38A-4B79-8010-0F2FD52A1825}.Ad-Hoc|ARM.ActiveCfg = Release|Any CPU
		{B780BBCB-B38A-4B79-8010-0F2FD52A1825}.Ad-Hoc|ARM.Build.0 = Release|Any CPU
		{B780BBCB-B38A-4B79-8010-0F2FD52A1825}.Ad-Hoc|iPhone.ActiveCfg = Release|Any CPU
		{B780BBCB-B38A-4B79-8010-0F2FD52A1825}.Ad-Hoc|iPhone.Build.0 = Release|Any CPU
		{B780BBCB-B38A-4B79-8010-0F2FD52A1825}.Ad-Hoc|iPhoneSimulator.ActiveCfg = Release|Any CPU
		{B780BBCB-B38A-4B79-8010-0F2FD52A1825}.Ad-Hoc|iPhoneSimulator.Build.0 = Release|Any CPU
		{B780BBCB-B38A-4B79-8010-0F2FD52A1825}.Ad-Hoc|x64.ActiveCfg = Release|Any CPU
		{B780BBCB-B38A-4B79-8010-0F2FD52A1825}.Ad-Hoc|x64.Build.0 = Release|Any CPU
		{B780BBCB-B38A-4B79-8010-0F2FD52A1825}.Ad-Hoc|x86.ActiveCfg = Release|Any CPU
		{B780BBCB-B38A-4B79-8010-0F2FD52A1825}.Ad-Hoc|x86.Build.0 = Release|Any CPU
		{B780BBCB-B38A-4B79-8010-0F2FD52A1825}.AppStore|Any CPU.ActiveCfg = Release|Any CPU
		{B780BBCB-B38A-4B79-8010-0F2FD52A1825}.AppStore|Any CPU.Build.0 = Release|Any CPU
		{B780BBCB-B38A-4B79-8010-0F2FD52A1825}.AppStore|ARM.ActiveCfg = Release|Any CPU
		{B780BBCB-B38A-4B79-8010-0F2FD52A1825}.AppStore|ARM.Build.0 = Release|Any CPU
		{B780BBCB-B38A-4B79-8010-0F2FD52A1825}.AppStore|iPhone.ActiveCfg = Release|Any CPU
		{B780BBCB-B38A-4B79-8010-0F2FD52A1825}.AppStore|iPhone.Build.0 = Release|Any CPU
		{B780BBCB-B38A-4B79-8010-0F2FD52A1825}.AppStore|iPhoneSimulator.ActiveCfg = Release|Any CPU
		{B780BBCB-B38A-4B79-8010-0F2FD52A1825}.AppStore|iPhoneSimulator.Build.0 = Release|Any CPU
		{B780BBCB-B38A-4B79-8010-0F2FD52A1825}.AppStore|x64.ActiveCfg = Release|Any CPU
		{B780BBCB-B38A-4B79-8010-0F2FD52A1825}.AppStore|x64.Build.0 = Release|Any CPU
		{B780BBCB-B38A-4B79-8010-0F2FD52A1825}.AppStore|x86.ActiveCfg = Release|Any CPU
		{B780BBCB-B38A-4B79-8010-0F2FD52A1825}.AppStore|x86.Build.0 = Release|Any CPU
		{B780BBCB-B38A-4B79-8010-0F2FD52A1825}.Debug|Any CPU.ActiveCfg = Debug|Any CPU
		{B780BBCB-B38A-4B79-8010-0F2FD52A1825}.Debug|Any CPU.Build.0 = Debug|Any CPU
		{B780BBCB-B38A-4B79-8010-0F2FD52A1825}.Debug|ARM.ActiveCfg = Debug|Any CPU
		{B780BBCB-B38A-4B79-8010-0F2FD52A1825}.Debug|ARM.Build.0 = Debug|Any CPU
		{B780BBCB-B38A-4B79-8010-0F2FD52A1825}.Debug|iPhone.ActiveCfg = Debug|Any CPU
		{B780BBCB-B38A-4B79-8010-0F2FD52A1825}.Debug|iPhone.Build.0 = Debug|Any CPU
		{B780BBCB-B38A-4B79-8010-0F2FD52A1825}.Debug|iPhoneSimulator.ActiveCfg = Debug|Any CPU
		{B780BBCB-B38A-4B79-8010-0F2FD52A1825}.Debug|iPhoneSimulator.Build.0 = Debug|Any CPU
		{B780BBCB-B38A-4B79-8010-0F2FD52A1825}.Debug|x64.ActiveCfg = Debug|Any CPU
		{B780BBCB-B38A-4B79-8010-0F2FD52A1825}.Debug|x64.Build.0 = Debug|Any CPU
		{B780BBCB-B38A-4B79-8010-0F2FD52A1825}.Debug|x86.ActiveCfg = Debug|Any CPU
		{B780BBCB-B38A-4B79-8010-0F2FD52A1825}.Debug|x86.Build.0 = Debug|Any CPU
		{B780BBCB-B38A-4B79-8010-0F2FD52A1825}.Release|Any CPU.ActiveCfg = Release|Any CPU
		{B780BBCB-B38A-4B79-8010-0F2FD52A1825}.Release|Any CPU.Build.0 = Release|Any CPU
		{B780BBCB-B38A-4B79-8010-0F2FD52A1825}.Release|ARM.ActiveCfg = Release|Any CPU
		{B780BBCB-B38A-4B79-8010-0F2FD52A1825}.Release|ARM.Build.0 = Release|Any CPU
		{B780BBCB-B38A-4B79-8010-0F2FD52A1825}.Release|iPhone.ActiveCfg = Release|Any CPU
		{B780BBCB-B38A-4B79-8010-0F2FD52A1825}.Release|iPhone.Build.0 = Release|Any CPU
		{B780BBCB-B38A-4B79-8010-0F2FD52A1825}.Release|iPhoneSimulator.ActiveCfg = Release|Any CPU
		{B780BBCB-B38A-4B79-8010-0F2FD52A1825}.Release|iPhoneSimulator.Build.0 = Release|Any CPU
		{B780BBCB-B38A-4B79-8010-0F2FD52A1825}.Release|x64.ActiveCfg = Release|Any CPU
		{B780BBCB-B38A-4B79-8010-0F2FD52A1825}.Release|x64.Build.0 = Release|Any CPU
		{B780BBCB-B38A-4B79-8010-0F2FD52A1825}.Release|x86.ActiveCfg = Release|Any CPU
		{B780BBCB-B38A-4B79-8010-0F2FD52A1825}.Release|x86.Build.0 = Release|Any CPU
		{F88C764A-A90B-40B3-8EF4-724E1D11C97E}.Ad-Hoc|Any CPU.ActiveCfg = Release|Any CPU
		{F88C764A-A90B-40B3-8EF4-724E1D11C97E}.Ad-Hoc|Any CPU.Build.0 = Release|Any CPU
		{F88C764A-A90B-40B3-8EF4-724E1D11C97E}.Ad-Hoc|Any CPU.Deploy.0 = Release|Any CPU
		{F88C764A-A90B-40B3-8EF4-724E1D11C97E}.Ad-Hoc|ARM.ActiveCfg = Release|Any CPU
		{F88C764A-A90B-40B3-8EF4-724E1D11C97E}.Ad-Hoc|ARM.Build.0 = Release|Any CPU
		{F88C764A-A90B-40B3-8EF4-724E1D11C97E}.Ad-Hoc|ARM.Deploy.0 = Release|Any CPU
		{F88C764A-A90B-40B3-8EF4-724E1D11C97E}.Ad-Hoc|iPhone.ActiveCfg = Release|Any CPU
		{F88C764A-A90B-40B3-8EF4-724E1D11C97E}.Ad-Hoc|iPhone.Build.0 = Release|Any CPU
		{F88C764A-A90B-40B3-8EF4-724E1D11C97E}.Ad-Hoc|iPhone.Deploy.0 = Release|Any CPU
		{F88C764A-A90B-40B3-8EF4-724E1D11C97E}.Ad-Hoc|iPhoneSimulator.ActiveCfg = Release|Any CPU
		{F88C764A-A90B-40B3-8EF4-724E1D11C97E}.Ad-Hoc|iPhoneSimulator.Build.0 = Release|Any CPU
		{F88C764A-A90B-40B3-8EF4-724E1D11C97E}.Ad-Hoc|iPhoneSimulator.Deploy.0 = Release|Any CPU
		{F88C764A-A90B-40B3-8EF4-724E1D11C97E}.Ad-Hoc|x64.ActiveCfg = Release|Any CPU
		{F88C764A-A90B-40B3-8EF4-724E1D11C97E}.Ad-Hoc|x64.Build.0 = Release|Any CPU
		{F88C764A-A90B-40B3-8EF4-724E1D11C97E}.Ad-Hoc|x64.Deploy.0 = Release|Any CPU
		{F88C764A-A90B-40B3-8EF4-724E1D11C97E}.Ad-Hoc|x86.ActiveCfg = Release|Any CPU
		{F88C764A-A90B-40B3-8EF4-724E1D11C97E}.Ad-Hoc|x86.Build.0 = Release|Any CPU
		{F88C764A-A90B-40B3-8EF4-724E1D11C97E}.Ad-Hoc|x86.Deploy.0 = Release|Any CPU
		{F88C764A-A90B-40B3-8EF4-724E1D11C97E}.AppStore|Any CPU.ActiveCfg = Release|Any CPU
		{F88C764A-A90B-40B3-8EF4-724E1D11C97E}.AppStore|Any CPU.Build.0 = Release|Any CPU
		{F88C764A-A90B-40B3-8EF4-724E1D11C97E}.AppStore|Any CPU.Deploy.0 = Release|Any CPU
		{F88C764A-A90B-40B3-8EF4-724E1D11C97E}.AppStore|ARM.ActiveCfg = Release|Any CPU
		{F88C764A-A90B-40B3-8EF4-724E1D11C97E}.AppStore|ARM.Build.0 = Release|Any CPU
		{F88C764A-A90B-40B3-8EF4-724E1D11C97E}.AppStore|ARM.Deploy.0 = Release|Any CPU
		{F88C764A-A90B-40B3-8EF4-724E1D11C97E}.AppStore|iPhone.ActiveCfg = Release|Any CPU
		{F88C764A-A90B-40B3-8EF4-724E1D11C97E}.AppStore|iPhone.Build.0 = Release|Any CPU
		{F88C764A-A90B-40B3-8EF4-724E1D11C97E}.AppStore|iPhone.Deploy.0 = Release|Any CPU
		{F88C764A-A90B-40B3-8EF4-724E1D11C97E}.AppStore|iPhoneSimulator.ActiveCfg = Release|Any CPU
		{F88C764A-A90B-40B3-8EF4-724E1D11C97E}.AppStore|iPhoneSimulator.Build.0 = Release|Any CPU
		{F88C764A-A90B-40B3-8EF4-724E1D11C97E}.AppStore|iPhoneSimulator.Deploy.0 = Release|Any CPU
		{F88C764A-A90B-40B3-8EF4-724E1D11C97E}.AppStore|x64.ActiveCfg = Release|Any CPU
		{F88C764A-A90B-40B3-8EF4-724E1D11C97E}.AppStore|x64.Build.0 = Release|Any CPU
		{F88C764A-A90B-40B3-8EF4-724E1D11C97E}.AppStore|x64.Deploy.0 = Release|Any CPU
		{F88C764A-A90B-40B3-8EF4-724E1D11C97E}.AppStore|x86.ActiveCfg = Release|Any CPU
		{F88C764A-A90B-40B3-8EF4-724E1D11C97E}.AppStore|x86.Build.0 = Release|Any CPU
		{F88C764A-A90B-40B3-8EF4-724E1D11C97E}.AppStore|x86.Deploy.0 = Release|Any CPU
		{F88C764A-A90B-40B3-8EF4-724E1D11C97E}.Debug|Any CPU.ActiveCfg = Debug|Any CPU
		{F88C764A-A90B-40B3-8EF4-724E1D11C97E}.Debug|Any CPU.Build.0 = Debug|Any CPU
		{F88C764A-A90B-40B3-8EF4-724E1D11C97E}.Debug|Any CPU.Deploy.0 = Debug|Any CPU
		{F88C764A-A90B-40B3-8EF4-724E1D11C97E}.Debug|ARM.ActiveCfg = Debug|Any CPU
		{F88C764A-A90B-40B3-8EF4-724E1D11C97E}.Debug|ARM.Build.0 = Debug|Any CPU
		{F88C764A-A90B-40B3-8EF4-724E1D11C97E}.Debug|ARM.Deploy.0 = Debug|Any CPU
		{F88C764A-A90B-40B3-8EF4-724E1D11C97E}.Debug|iPhone.ActiveCfg = Debug|Any CPU
		{F88C764A-A90B-40B3-8EF4-724E1D11C97E}.Debug|iPhone.Build.0 = Debug|Any CPU
		{F88C764A-A90B-40B3-8EF4-724E1D11C97E}.Debug|iPhone.Deploy.0 = Debug|Any CPU
		{F88C764A-A90B-40B3-8EF4-724E1D11C97E}.Debug|iPhoneSimulator.ActiveCfg = Debug|Any CPU
		{F88C764A-A90B-40B3-8EF4-724E1D11C97E}.Debug|iPhoneSimulator.Build.0 = Debug|Any CPU
		{F88C764A-A90B-40B3-8EF4-724E1D11C97E}.Debug|iPhoneSimulator.Deploy.0 = Debug|Any CPU
		{F88C764A-A90B-40B3-8EF4-724E1D11C97E}.Debug|x64.ActiveCfg = Debug|Any CPU
		{F88C764A-A90B-40B3-8EF4-724E1D11C97E}.Debug|x64.Build.0 = Debug|Any CPU
		{F88C764A-A90B-40B3-8EF4-724E1D11C97E}.Debug|x64.Deploy.0 = Debug|Any CPU
		{F88C764A-A90B-40B3-8EF4-724E1D11C97E}.Debug|x86.ActiveCfg = Debug|Any CPU
		{F88C764A-A90B-40B3-8EF4-724E1D11C97E}.Debug|x86.Build.0 = Debug|Any CPU
		{F88C764A-A90B-40B3-8EF4-724E1D11C97E}.Debug|x86.Deploy.0 = Debug|Any CPU
		{F88C764A-A90B-40B3-8EF4-724E1D11C97E}.Release|Any CPU.ActiveCfg = Release|Any CPU
		{F88C764A-A90B-40B3-8EF4-724E1D11C97E}.Release|Any CPU.Build.0 = Release|Any CPU
		{F88C764A-A90B-40B3-8EF4-724E1D11C97E}.Release|Any CPU.Deploy.0 = Release|Any CPU
		{F88C764A-A90B-40B3-8EF4-724E1D11C97E}.Release|ARM.ActiveCfg = Release|Any CPU
		{F88C764A-A90B-40B3-8EF4-724E1D11C97E}.Release|ARM.Build.0 = Release|Any CPU
		{F88C764A-A90B-40B3-8EF4-724E1D11C97E}.Release|ARM.Deploy.0 = Release|Any CPU
		{F88C764A-A90B-40B3-8EF4-724E1D11C97E}.Release|iPhone.ActiveCfg = Release|Any CPU
		{F88C764A-A90B-40B3-8EF4-724E1D11C97E}.Release|iPhone.Build.0 = Release|Any CPU
		{F88C764A-A90B-40B3-8EF4-724E1D11C97E}.Release|iPhone.Deploy.0 = Release|Any CPU
		{F88C764A-A90B-40B3-8EF4-724E1D11C97E}.Release|iPhoneSimulator.ActiveCfg = Release|Any CPU
		{F88C764A-A90B-40B3-8EF4-724E1D11C97E}.Release|iPhoneSimulator.Build.0 = Release|Any CPU
		{F88C764A-A90B-40B3-8EF4-724E1D11C97E}.Release|iPhoneSimulator.Deploy.0 = Release|Any CPU
		{F88C764A-A90B-40B3-8EF4-724E1D11C97E}.Release|x64.ActiveCfg = Release|Any CPU
		{F88C764A-A90B-40B3-8EF4-724E1D11C97E}.Release|x64.Build.0 = Release|Any CPU
		{F88C764A-A90B-40B3-8EF4-724E1D11C97E}.Release|x64.Deploy.0 = Release|Any CPU
		{F88C764A-A90B-40B3-8EF4-724E1D11C97E}.Release|x86.ActiveCfg = Release|Any CPU
		{F88C764A-A90B-40B3-8EF4-724E1D11C97E}.Release|x86.Build.0 = Release|Any CPU
		{F88C764A-A90B-40B3-8EF4-724E1D11C97E}.Release|x86.Deploy.0 = Release|Any CPU
		{0B5BFA31-A0D7-459D-9251-B1771845010B}.Ad-Hoc|Any CPU.ActiveCfg = Ad-Hoc|iPhone
		{0B5BFA31-A0D7-459D-9251-B1771845010B}.Ad-Hoc|ARM.ActiveCfg = Ad-Hoc|iPhone
		{0B5BFA31-A0D7-459D-9251-B1771845010B}.Ad-Hoc|iPhone.ActiveCfg = Ad-Hoc|iPhone
		{0B5BFA31-A0D7-459D-9251-B1771845010B}.Ad-Hoc|iPhone.Build.0 = Ad-Hoc|iPhone
		{0B5BFA31-A0D7-459D-9251-B1771845010B}.Ad-Hoc|iPhoneSimulator.ActiveCfg = Ad-Hoc|iPhoneSimulator
		{0B5BFA31-A0D7-459D-9251-B1771845010B}.Ad-Hoc|iPhoneSimulator.Build.0 = Ad-Hoc|iPhoneSimulator
		{0B5BFA31-A0D7-459D-9251-B1771845010B}.Ad-Hoc|x64.ActiveCfg = Ad-Hoc|iPhone
		{0B5BFA31-A0D7-459D-9251-B1771845010B}.Ad-Hoc|x86.ActiveCfg = Ad-Hoc|iPhone
		{0B5BFA31-A0D7-459D-9251-B1771845010B}.AppStore|Any CPU.ActiveCfg = AppStore|iPhone
		{0B5BFA31-A0D7-459D-9251-B1771845010B}.AppStore|ARM.ActiveCfg = AppStore|iPhone
		{0B5BFA31-A0D7-459D-9251-B1771845010B}.AppStore|iPhone.ActiveCfg = AppStore|iPhone
		{0B5BFA31-A0D7-459D-9251-B1771845010B}.AppStore|iPhone.Build.0 = AppStore|iPhone
		{0B5BFA31-A0D7-459D-9251-B1771845010B}.AppStore|iPhoneSimulator.ActiveCfg = AppStore|iPhoneSimulator
		{0B5BFA31-A0D7-459D-9251-B1771845010B}.AppStore|iPhoneSimulator.Build.0 = AppStore|iPhoneSimulator
		{0B5BFA31-A0D7-459D-9251-B1771845010B}.AppStore|x64.ActiveCfg = AppStore|iPhone
		{0B5BFA31-A0D7-459D-9251-B1771845010B}.AppStore|x86.ActiveCfg = AppStore|iPhone
		{0B5BFA31-A0D7-459D-9251-B1771845010B}.Debug|Any CPU.ActiveCfg = Debug|iPhone
		{0B5BFA31-A0D7-459D-9251-B1771845010B}.Debug|ARM.ActiveCfg = Debug|iPhone
		{0B5BFA31-A0D7-459D-9251-B1771845010B}.Debug|iPhone.ActiveCfg = Debug|iPhone
		{0B5BFA31-A0D7-459D-9251-B1771845010B}.Debug|iPhone.Build.0 = Debug|iPhone
		{0B5BFA31-A0D7-459D-9251-B1771845010B}.Debug|iPhoneSimulator.ActiveCfg = Debug|iPhoneSimulator
		{0B5BFA31-A0D7-459D-9251-B1771845010B}.Debug|iPhoneSimulator.Build.0 = Debug|iPhoneSimulator
		{0B5BFA31-A0D7-459D-9251-B1771845010B}.Debug|x64.ActiveCfg = Debug|iPhone
		{0B5BFA31-A0D7-459D-9251-B1771845010B}.Debug|x86.ActiveCfg = Debug|iPhone
		{0B5BFA31-A0D7-459D-9251-B1771845010B}.Release|Any CPU.ActiveCfg = Release|iPhone
		{0B5BFA31-A0D7-459D-9251-B1771845010B}.Release|ARM.ActiveCfg = Release|iPhone
		{0B5BFA31-A0D7-459D-9251-B1771845010B}.Release|iPhone.ActiveCfg = Release|iPhone
		{0B5BFA31-A0D7-459D-9251-B1771845010B}.Release|iPhone.Build.0 = Release|iPhone
		{0B5BFA31-A0D7-459D-9251-B1771845010B}.Release|iPhoneSimulator.ActiveCfg = Release|iPhoneSimulator
		{0B5BFA31-A0D7-459D-9251-B1771845010B}.Release|iPhoneSimulator.Build.0 = Release|iPhoneSimulator
		{0B5BFA31-A0D7-459D-9251-B1771845010B}.Release|x64.ActiveCfg = Release|iPhone
		{0B5BFA31-A0D7-459D-9251-B1771845010B}.Release|x86.ActiveCfg = Release|iPhone
		{FFCB2BC1-6A67-428B-BAA4-B9C7A5356678}.Ad-Hoc|Any CPU.ActiveCfg = Release|x86
		{FFCB2BC1-6A67-428B-BAA4-B9C7A5356678}.Ad-Hoc|Any CPU.Build.0 = Release|x86
		{FFCB2BC1-6A67-428B-BAA4-B9C7A5356678}.Ad-Hoc|Any CPU.Deploy.0 = Release|x86
		{FFCB2BC1-6A67-428B-BAA4-B9C7A5356678}.Ad-Hoc|ARM.ActiveCfg = Release|ARM
		{FFCB2BC1-6A67-428B-BAA4-B9C7A5356678}.Ad-Hoc|ARM.Build.0 = Release|ARM
		{FFCB2BC1-6A67-428B-BAA4-B9C7A5356678}.Ad-Hoc|ARM.Deploy.0 = Release|ARM
		{FFCB2BC1-6A67-428B-BAA4-B9C7A5356678}.Ad-Hoc|iPhone.ActiveCfg = Release|x86
		{FFCB2BC1-6A67-428B-BAA4-B9C7A5356678}.Ad-Hoc|iPhone.Build.0 = Release|x86
		{FFCB2BC1-6A67-428B-BAA4-B9C7A5356678}.Ad-Hoc|iPhone.Deploy.0 = Release|x86
		{FFCB2BC1-6A67-428B-BAA4-B9C7A5356678}.Ad-Hoc|iPhoneSimulator.ActiveCfg = Release|x86
		{FFCB2BC1-6A67-428B-BAA4-B9C7A5356678}.Ad-Hoc|iPhoneSimulator.Build.0 = Release|x86
		{FFCB2BC1-6A67-428B-BAA4-B9C7A5356678}.Ad-Hoc|iPhoneSimulator.Deploy.0 = Release|x86
		{FFCB2BC1-6A67-428B-BAA4-B9C7A5356678}.Ad-Hoc|x64.ActiveCfg = Release|x64
		{FFCB2BC1-6A67-428B-BAA4-B9C7A5356678}.Ad-Hoc|x64.Build.0 = Release|x64
		{FFCB2BC1-6A67-428B-BAA4-B9C7A5356678}.Ad-Hoc|x64.Deploy.0 = Release|x64
		{FFCB2BC1-6A67-428B-BAA4-B9C7A5356678}.Ad-Hoc|x86.ActiveCfg = Release|x86
		{FFCB2BC1-6A67-428B-BAA4-B9C7A5356678}.Ad-Hoc|x86.Build.0 = Release|x86
		{FFCB2BC1-6A67-428B-BAA4-B9C7A5356678}.Ad-Hoc|x86.Deploy.0 = Release|x86
		{FFCB2BC1-6A67-428B-BAA4-B9C7A5356678}.AppStore|Any CPU.ActiveCfg = Release|x86
		{FFCB2BC1-6A67-428B-BAA4-B9C7A5356678}.AppStore|Any CPU.Build.0 = Release|x86
		{FFCB2BC1-6A67-428B-BAA4-B9C7A5356678}.AppStore|Any CPU.Deploy.0 = Release|x86
		{FFCB2BC1-6A67-428B-BAA4-B9C7A5356678}.AppStore|ARM.ActiveCfg = Release|ARM
		{FFCB2BC1-6A67-428B-BAA4-B9C7A5356678}.AppStore|ARM.Build.0 = Release|ARM
		{FFCB2BC1-6A67-428B-BAA4-B9C7A5356678}.AppStore|ARM.Deploy.0 = Release|ARM
		{FFCB2BC1-6A67-428B-BAA4-B9C7A5356678}.AppStore|iPhone.ActiveCfg = Release|x86
		{FFCB2BC1-6A67-428B-BAA4-B9C7A5356678}.AppStore|iPhone.Build.0 = Release|x86
		{FFCB2BC1-6A67-428B-BAA4-B9C7A5356678}.AppStore|iPhone.Deploy.0 = Release|x86
		{FFCB2BC1-6A67-428B-BAA4-B9C7A5356678}.AppStore|iPhoneSimulator.ActiveCfg = Release|x86
		{FFCB2BC1-6A67-428B-BAA4-B9C7A5356678}.AppStore|iPhoneSimulator.Build.0 = Release|x86
		{FFCB2BC1-6A67-428B-BAA4-B9C7A5356678}.AppStore|iPhoneSimulator.Deploy.0 = Release|x86
		{FFCB2BC1-6A67-428B-BAA4-B9C7A5356678}.AppStore|x64.ActiveCfg = Release|x64
		{FFCB2BC1-6A67-428B-BAA4-B9C7A5356678}.AppStore|x64.Build.0 = Release|x64
		{FFCB2BC1-6A67-428B-BAA4-B9C7A5356678}.AppStore|x64.Deploy.0 = Release|x64
		{FFCB2BC1-6A67-428B-BAA4-B9C7A5356678}.AppStore|x86.ActiveCfg = Release|x86
		{FFCB2BC1-6A67-428B-BAA4-B9C7A5356678}.AppStore|x86.Build.0 = Release|x86
		{FFCB2BC1-6A67-428B-BAA4-B9C7A5356678}.AppStore|x86.Deploy.0 = Release|x86
		{FFCB2BC1-6A67-428B-BAA4-B9C7A5356678}.Debug|Any CPU.ActiveCfg = Debug|x86
		{FFCB2BC1-6A67-428B-BAA4-B9C7A5356678}.Debug|ARM.ActiveCfg = Debug|ARM
		{FFCB2BC1-6A67-428B-BAA4-B9C7A5356678}.Debug|ARM.Build.0 = Debug|ARM
		{FFCB2BC1-6A67-428B-BAA4-B9C7A5356678}.Debug|ARM.Deploy.0 = Debug|ARM
		{FFCB2BC1-6A67-428B-BAA4-B9C7A5356678}.Debug|iPhone.ActiveCfg = Debug|x86
		{FFCB2BC1-6A67-428B-BAA4-B9C7A5356678}.Debug|iPhoneSimulator.ActiveCfg = Debug|x86
		{FFCB2BC1-6A67-428B-BAA4-B9C7A5356678}.Debug|x64.ActiveCfg = Debug|x64
		{FFCB2BC1-6A67-428B-BAA4-B9C7A5356678}.Debug|x64.Build.0 = Debug|x64
		{FFCB2BC1-6A67-428B-BAA4-B9C7A5356678}.Debug|x64.Deploy.0 = Debug|x64
		{FFCB2BC1-6A67-428B-BAA4-B9C7A5356678}.Debug|x86.ActiveCfg = Debug|x86
		{FFCB2BC1-6A67-428B-BAA4-B9C7A5356678}.Debug|x86.Build.0 = Debug|x86
		{FFCB2BC1-6A67-428B-BAA4-B9C7A5356678}.Debug|x86.Deploy.0 = Debug|x86
		{FFCB2BC1-6A67-428B-BAA4-B9C7A5356678}.Release|Any CPU.ActiveCfg = Release|x86
		{FFCB2BC1-6A67-428B-BAA4-B9C7A5356678}.Release|ARM.ActiveCfg = Release|ARM
		{FFCB2BC1-6A67-428B-BAA4-B9C7A5356678}.Release|ARM.Build.0 = Release|ARM
		{FFCB2BC1-6A67-428B-BAA4-B9C7A5356678}.Release|ARM.Deploy.0 = Release|ARM
		{FFCB2BC1-6A67-428B-BAA4-B9C7A5356678}.Release|iPhone.ActiveCfg = Release|x86
		{FFCB2BC1-6A67-428B-BAA4-B9C7A5356678}.Release|iPhoneSimulator.ActiveCfg = Release|x86
		{FFCB2BC1-6A67-428B-BAA4-B9C7A5356678}.Release|x64.ActiveCfg = Release|x64
		{FFCB2BC1-6A67-428B-BAA4-B9C7A5356678}.Release|x64.Build.0 = Release|x64
		{FFCB2BC1-6A67-428B-BAA4-B9C7A5356678}.Release|x64.Deploy.0 = Release|x64
		{FFCB2BC1-6A67-428B-BAA4-B9C7A5356678}.Release|x86.ActiveCfg = Release|x86
		{FFCB2BC1-6A67-428B-BAA4-B9C7A5356678}.Release|x86.Build.0 = Release|x86
		{FFCB2BC1-6A67-428B-BAA4-B9C7A5356678}.Release|x86.Deploy.0 = Release|x86
	EndGlobalSection
	GlobalSection(SolutionProperties) = preSolution
		HideSolutionNode = FALSE
	EndGlobalSection
EndGlobal
